
Microsoft Visual Studio Solution File, Format Version 12.00
# Visual Studio Version 17
VisualStudioVersion = 17.7.34003.232
MinimumVisualStudioVersion = 10.0.40219.1
Project("{FAE04EC0-301F-11D3-BF4B-00C04F79EFBC}") = "TA33_1_sgallego", "TA33_1_sgallego.csproj", "{CA490F95-FA8A-467E-A83C-FC99DE6E97C0}"
EndProject
Global
	GlobalSection(SolutionConfigurationPlatforms) = preSolution
		Debug|Any CPU = Debug|Any CPU
		Release|Any CPU = Release|Any CPU
	EndGlobalSection
	GlobalSection(ProjectConfigurationPlatforms) = postSolution
		{CA490F95-FA8A-467E-A83C-FC99DE6E97C0}.Debug|Any CPU.ActiveCfg = Debug|Any CPU
		{CA490F95-FA8A-467E-A83C-FC99DE6E97C0}.Debug|Any CPU.Build.0 = Debug|Any CPU
		{CA490F95-FA8A-467E-A83C-FC99DE6E97C0}.Release|Any CPU.ActiveCfg = Release|Any CPU
		{CA490F95-FA8A-467E-A83C-FC99DE6E97C0}.Release|Any CPU.Build.0 = Release|Any CPU
	EndGlobalSection
	GlobalSection(SolutionProperties) = preSolution
		HideSolutionNode = FALSE
	EndGlobalSection
	GlobalSection(ExtensibilityGlobals) = postSolution
		SolutionGuid = {1CBC01AE-D7EC-40F2-A856-4AC8ECCA8B44}
	EndGlobalSection
EndGlobal
